
Microsoft Visual Studio Solution File, Format Version 12.00
# Visual Studio Version 17
VisualStudioVersion = 17.0.31903.59
MinimumVisualStudioVersion = 10.0.40219.1
Project("{FAE04EC0-301F-11D3-BF4B-00C04F79EFBC}") = "Dfinance.AuthCore", "Dfinance.AuthCore\Dfinance.AuthCore.csproj", "{238F5C24-E37F-44C4-83B4-38FBC0B90ECB}"
EndProject
Project("{FAE04EC0-301F-11D3-BF4B-00C04F79EFBC}") = "Dfinance.Shared", "Dfinance.Shared\Dfinance.Shared.csproj", "{BEE4CFC2-CC60-47E5-9C4E-A59E2F557902}"
EndProject
Project("{FAE04EC0-301F-11D3-BF4B-00C04F79EFBC}") = "Dfinance.AuthApplication", "Dfinance.AuthApplication\Dfinance.AuthApplication.csproj", "{6E12EA7E-8205-4189-982B-337019FE91B2}"
EndProject
Project("{FAE04EC0-301F-11D3-BF4B-00C04F79EFBC}") = "Dfinance.api", "Dfinance.api\Dfinance.api.csproj", "{6193D4BE-1C27-45AE-91AA-41672D9E0BBD}"
EndProject
Project("{FAE04EC0-301F-11D3-BF4B-00C04F79EFBC}") = "Dfinance.Core", "Dfinance.Core\Dfinance.Core.csproj", "{779F606A-9240-4A24-BA5C-7EAEF56D5ED7}"
EndProject
Project("{FAE04EC0-301F-11D3-BF4B-00C04F79EFBC}") = "Dfinance.Application", "Dfinance.Application\Dfinance.Application.csproj", "{F8106925-622C-4848-9345-1B63E1C4B13F}"
EndProject
Global
	GlobalSection(SolutionConfigurationPlatforms) = preSolution
		Debug|Any CPU = Debug|Any CPU
		Release|Any CPU = Release|Any CPU
	EndGlobalSection
	GlobalSection(SolutionProperties) = preSolution
		HideSolutionNode = FALSE
	EndGlobalSection
	GlobalSection(ProjectConfigurationPlatforms) = postSolution
		{238F5C24-E37F-44C4-83B4-38FBC0B90ECB}.Debug|Any CPU.ActiveCfg = Debug|Any CPU
		{238F5C24-E37F-44C4-83B4-38FBC0B90ECB}.Debug|Any CPU.Build.0 = Debug|Any CPU
		{238F5C24-E37F-44C4-83B4-38FBC0B90ECB}.Release|Any CPU.ActiveCfg = Release|Any CPU
		{238F5C24-E37F-44C4-83B4-38FBC0B90ECB}.Release|Any CPU.Build.0 = Release|Any CPU
		{BEE4CFC2-CC60-47E5-9C4E-A59E2F557902}.Debug|Any CPU.ActiveCfg = Debug|Any CPU
		{BEE4CFC2-CC60-47E5-9C4E-A59E2F557902}.Debug|Any CPU.Build.0 = Debug|Any CPU
		{BEE4CFC2-CC60-47E5-9C4E-A59E2F557902}.Release|Any CPU.ActiveCfg = Release|Any CPU
		{BEE4CFC2-CC60-47E5-9C4E-A59E2F557902}.Release|Any CPU.Build.0 = Release|Any CPU
		{9144271E-E15B-4FEB-AB57-51ADE960333F}.Debug|Any CPU.ActiveCfg = Debug|Any CPU
		{9144271E-E15B-4FEB-AB57-51ADE960333F}.Debug|Any CPU.Build.0 = Debug|Any CPU
		{9144271E-E15B-4FEB-AB57-51ADE960333F}.Release|Any CPU.ActiveCfg = Release|Any CPU
		{9144271E-E15B-4FEB-AB57-51ADE960333F}.Release|Any CPU.Build.0 = Release|Any CPU
		{6E12EA7E-8205-4189-982B-337019FE91B2}.Debug|Any CPU.ActiveCfg = Debug|Any CPU
		{6E12EA7E-8205-4189-982B-337019FE91B2}.Debug|Any CPU.Build.0 = Debug|Any CPU
		{6E12EA7E-8205-4189-982B-337019FE91B2}.Release|Any CPU.ActiveCfg = Release|Any CPU
		{6E12EA7E-8205-4189-982B-337019FE91B2}.Release|Any CPU.Build.0 = Release|Any CPU
		{6193D4BE-1C27-45AE-91AA-41672D9E0BBD}.Debug|Any CPU.ActiveCfg = Debug|Any CPU
		{6193D4BE-1C27-45AE-91AA-41672D9E0BBD}.Debug|Any CPU.Build.0 = Debug|Any CPU
		{6193D4BE-1C27-45AE-91AA-41672D9E0BBD}.Release|Any CPU.ActiveCfg = Release|Any CPU
		{6193D4BE-1C27-45AE-91AA-41672D9E0BBD}.Release|Any CPU.Build.0 = Release|Any CPU
		{779F606A-9240-4A24-BA5C-7EAEF56D5ED7}.Debug|Any CPU.ActiveCfg = Debug|Any CPU
		{779F606A-9240-4A24-BA5C-7EAEF56D5ED7}.Debug|Any CPU.Build.0 = Debug|Any CPU
		{779F606A-9240-4A24-BA5C-7EAEF56D5ED7}.Release|Any CPU.ActiveCfg = Release|Any CPU
		{779F606A-9240-4A24-BA5C-7EAEF56D5ED7}.Release|Any CPU.Build.0 = Release|Any CPU
		{F8106925-622C-4848-9345-1B63E1C4B13F}.Debug|Any CPU.ActiveCfg = Debug|Any CPU
		{F8106925-622C-4848-9345-1B63E1C4B13F}.Debug|Any CPU.Build.0 = Debug|Any CPU
		{F8106925-622C-4848-9345-1B63E1C4B13F}.Release|Any CPU.ActiveCfg = Release|Any CPU
		{F8106925-622C-4848-9345-1B63E1C4B13F}.Release|Any CPU.Build.0 = Release|Any CPU
	EndGlobalSection
EndGlobal
