
Microsoft Visual Studio Solution File, Format Version 12.00
# Visual Studio Version 17
VisualStudioVersion = 17.0.31903.59
MinimumVisualStudioVersion = 10.0.40219.1
Project("{9A19103F-16F7-4668-BE54-9A1E7A4F7556}") = "Dfinance.AuthCore", "Dfinance.AuthCore\Dfinance.AuthCore.csproj", "{238F5C24-E37F-44C4-83B4-38FBC0B90ECB}"
EndProject
Project("{9A19103F-16F7-4668-BE54-9A1E7A4F7556}") = "Dfinance.Shared", "Dfinance.Shared\Dfinance.Shared.csproj", "{BEE4CFC2-CC60-47E5-9C4E-A59E2F557902}"
EndProject
Project("{9A19103F-16F7-4668-BE54-9A1E7A4F7556}") = "Dfinance.AuthApplication", "Dfinance.AuthApplication\Dfinance.AuthApplication.csproj", "{6E12EA7E-8205-4189-982B-337019FE91B2}"
EndProject
Project("{9A19103F-16F7-4668-BE54-9A1E7A4F7556}") = "Dfinance.api", "Dfinance.api\Dfinance.api.csproj", "{6193D4BE-1C27-45AE-91AA-41672D9E0BBD}"
EndProject
Project("{9A19103F-16F7-4668-BE54-9A1E7A4F7556}") = "Dfinance.Core", "Dfinance.Core\Dfinance.Core.csproj", "{779F606A-9240-4A24-BA5C-7EAEF56D5ED7}"
EndProject
Project("{9A19103F-16F7-4668-BE54-9A1E7A4F7556}") = "Dfinance.Application", "Dfinance.Application\Dfinance.Application.csproj", "{F8106925-622C-4848-9345-1B63E1C4B13F}"
EndProject
Project("{9A19103F-16F7-4668-BE54-9A1E7A4F7556}") = "Dfinance.Stakeholder", "Dfinance.Stakeholder\Dfinance.Stakeholder.csproj", "{2C6F2DB8-686C-4ED3-98F3-D2D48C491C8D}"
EndProject
Project("{9A19103F-16F7-4668-BE54-9A1E7A4F7556}") = "Dfinance.DataModels", "Dfinance.DataModels\Dfinance.DataModels.csproj", "{7C435833-2ACD-4C19-A590-D08F944156A9}"
EndProject
Project("{9A19103F-16F7-4668-BE54-9A1E7A4F7556}") = "Dfinance.ChartOfAccount", "Dfinance.ChartOfAccount\Dfinance.ChartOfAccount.csproj", "{776964A4-4D8F-4A25-A2AD-09E4A7D30A08}"
EndProject
Project("{9A19103F-16F7-4668-BE54-9A1E7A4F7556}") = "Dfinance.HR", "Dfinance.HR\Dfinance.HR.csproj", "{582B3316-B0E5-402F-9E38-6399CB41DC2C}"
EndProject
Project("{9A19103F-16F7-4668-BE54-9A1E7A4F7556}") = "Dfinance.Item", "Dfinance.Item\Dfinance.Item.csproj", "{DF4D8A85-7F3B-4043-8F38-589BE7EEF0A6}"
EndProject
Project("{9A19103F-16F7-4668-BE54-9A1E7A4F7556}") = "Dfinance.NUnitTest", "Dfinance.NUnitTest\Dfinance.NUnitTest.csproj", "{4C67E2E6-DAFA-48FC-9311-89DC7792DB20}"
EndProject
Project("{9A19103F-16F7-4668-BE54-9A1E7A4F7556}") = "Dfinance.WareHouse", "Dfinance.WareHouse\Dfinance.WareHouse.csproj", "{690F9849-04E1-446E-A8BB-E1F9282AC9F8}"
EndProject
Project("{9A19103F-16F7-4668-BE54-9A1E7A4F7556}") = "Dfinance.Inventory", "Dfinance.Inventory\Dfinance.Inventory.csproj", "{BBA14D18-1FF6-4F0F-BD6C-00666C0466B6}"
EndProject
Project("{9A19103F-16F7-4668-BE54-9A1E7A4F7556}") = "Dfinance.LogViewer", "Dfinance.LogViewer\Dfinance.LogViewer.csproj", "{A80773E3-0F2B-4ADA-BFE1-D0E678B4DD9D}"
EndProject
Project("{9A19103F-16F7-4668-BE54-9A1E7A4F7556}") = "Dfinance.Sales", "Dfinance.Sales\Dfinance.Sales.csproj", "{CC5EF1CB-9C3B-4D07-9654-75439C9108EA}"
EndProject
Project("{9A19103F-16F7-4668-BE54-9A1E7A4F7556}") = "Dfinance.Purchase", "Dfinance.Purchase\Dfinance.Purchase.csproj", "{86DF8BB1-0481-431F-9408-79BBFFDD0A88}"
EndProject
Project("{9A19103F-16F7-4668-BE54-9A1E7A4F7556}") = "Dfinance.Finance", "Dfinance.Finance\Dfinance.Finance.csproj", "{C2764C82-E5F0-48D3-81D3-06A6DB282449}"
EndProject
Project("{9A19103F-16F7-4668-BE54-9A1E7A4F7556}") = "Dfinance.Restaurant", "Dfinance.Restaurant\Dfinance.Restaurant.csproj", "{7121E439-8E00-45EF-88E4-139A8C4AEC4B}"
EndProject
Global
	GlobalSection(SolutionConfigurationPlatforms) = preSolution
		Debug|Any CPU = Debug|Any CPU
		Release|Any CPU = Release|Any CPU
	EndGlobalSection
	GlobalSection(ProjectConfigurationPlatforms) = postSolution
		{238F5C24-E37F-44C4-83B4-38FBC0B90ECB}.Debug|Any CPU.ActiveCfg = Debug|Any CPU
		{238F5C24-E37F-44C4-83B4-38FBC0B90ECB}.Debug|Any CPU.Build.0 = Debug|Any CPU
		{238F5C24-E37F-44C4-83B4-38FBC0B90ECB}.Release|Any CPU.ActiveCfg = Release|Any CPU
		{238F5C24-E37F-44C4-83B4-38FBC0B90ECB}.Release|Any CPU.Build.0 = Release|Any CPU
		{BEE4CFC2-CC60-47E5-9C4E-A59E2F557902}.Debug|Any CPU.ActiveCfg = Debug|Any CPU
		{BEE4CFC2-CC60-47E5-9C4E-A59E2F557902}.Debug|Any CPU.Build.0 = Debug|Any CPU
		{BEE4CFC2-CC60-47E5-9C4E-A59E2F557902}.Release|Any CPU.ActiveCfg = Release|Any CPU
		{BEE4CFC2-CC60-47E5-9C4E-A59E2F557902}.Release|Any CPU.Build.0 = Release|Any CPU
		{6E12EA7E-8205-4189-982B-337019FE91B2}.Debug|Any CPU.ActiveCfg = Debug|Any CPU
		{6E12EA7E-8205-4189-982B-337019FE91B2}.Debug|Any CPU.Build.0 = Debug|Any CPU
		{6E12EA7E-8205-4189-982B-337019FE91B2}.Release|Any CPU.ActiveCfg = Release|Any CPU
		{6E12EA7E-8205-4189-982B-337019FE91B2}.Release|Any CPU.Build.0 = Release|Any CPU
		{6193D4BE-1C27-45AE-91AA-41672D9E0BBD}.Debug|Any CPU.ActiveCfg = Debug|Any CPU
		{6193D4BE-1C27-45AE-91AA-41672D9E0BBD}.Debug|Any CPU.Build.0 = Debug|Any CPU
		{6193D4BE-1C27-45AE-91AA-41672D9E0BBD}.Release|Any CPU.ActiveCfg = Release|Any CPU
		{6193D4BE-1C27-45AE-91AA-41672D9E0BBD}.Release|Any CPU.Build.0 = Release|Any CPU
		{779F606A-9240-4A24-BA5C-7EAEF56D5ED7}.Debug|Any CPU.ActiveCfg = Debug|Any CPU
		{779F606A-9240-4A24-BA5C-7EAEF56D5ED7}.Debug|Any CPU.Build.0 = Debug|Any CPU
		{779F606A-9240-4A24-BA5C-7EAEF56D5ED7}.Release|Any CPU.ActiveCfg = Release|Any CPU
		{779F606A-9240-4A24-BA5C-7EAEF56D5ED7}.Release|Any CPU.Build.0 = Release|Any CPU
		{F8106925-622C-4848-9345-1B63E1C4B13F}.Debug|Any CPU.ActiveCfg = Debug|Any CPU
		{F8106925-622C-4848-9345-1B63E1C4B13F}.Debug|Any CPU.Build.0 = Debug|Any CPU
		{F8106925-622C-4848-9345-1B63E1C4B13F}.Release|Any CPU.ActiveCfg = Release|Any CPU
		{F8106925-622C-4848-9345-1B63E1C4B13F}.Release|Any CPU.Build.0 = Release|Any CPU
		{2C6F2DB8-686C-4ED3-98F3-D2D48C491C8D}.Debug|Any CPU.ActiveCfg = Debug|Any CPU
		{2C6F2DB8-686C-4ED3-98F3-D2D48C491C8D}.Debug|Any CPU.Build.0 = Debug|Any CPU
		{2C6F2DB8-686C-4ED3-98F3-D2D48C491C8D}.Release|Any CPU.ActiveCfg = Release|Any CPU
		{2C6F2DB8-686C-4ED3-98F3-D2D48C491C8D}.Release|Any CPU.Build.0 = Release|Any CPU
		{7C435833-2ACD-4C19-A590-D08F944156A9}.Debug|Any CPU.ActiveCfg = Debug|Any CPU
		{7C435833-2ACD-4C19-A590-D08F944156A9}.Debug|Any CPU.Build.0 = Debug|Any CPU
		{7C435833-2ACD-4C19-A590-D08F944156A9}.Release|Any CPU.ActiveCfg = Release|Any CPU
		{7C435833-2ACD-4C19-A590-D08F944156A9}.Release|Any CPU.Build.0 = Release|Any CPU
		{776964A4-4D8F-4A25-A2AD-09E4A7D30A08}.Debug|Any CPU.ActiveCfg = Debug|Any CPU
		{776964A4-4D8F-4A25-A2AD-09E4A7D30A08}.Debug|Any CPU.Build.0 = Debug|Any CPU
		{776964A4-4D8F-4A25-A2AD-09E4A7D30A08}.Release|Any CPU.ActiveCfg = Release|Any CPU
		{776964A4-4D8F-4A25-A2AD-09E4A7D30A08}.Release|Any CPU.Build.0 = Release|Any CPU
		{582B3316-B0E5-402F-9E38-6399CB41DC2C}.Debug|Any CPU.ActiveCfg = Debug|Any CPU
		{582B3316-B0E5-402F-9E38-6399CB41DC2C}.Debug|Any CPU.Build.0 = Debug|Any CPU
		{582B3316-B0E5-402F-9E38-6399CB41DC2C}.Release|Any CPU.ActiveCfg = Release|Any CPU
		{582B3316-B0E5-402F-9E38-6399CB41DC2C}.Release|Any CPU.Build.0 = Release|Any CPU
		{DF4D8A85-7F3B-4043-8F38-589BE7EEF0A6}.Debug|Any CPU.ActiveCfg = Debug|Any CPU
		{DF4D8A85-7F3B-4043-8F38-589BE7EEF0A6}.Debug|Any CPU.Build.0 = Debug|Any CPU
		{DF4D8A85-7F3B-4043-8F38-589BE7EEF0A6}.Release|Any CPU.ActiveCfg = Release|Any CPU
		{DF4D8A85-7F3B-4043-8F38-589BE7EEF0A6}.Release|Any CPU.Build.0 = Release|Any CPU
		{4C67E2E6-DAFA-48FC-9311-89DC7792DB20}.Debug|Any CPU.ActiveCfg = Debug|Any CPU
		{4C67E2E6-DAFA-48FC-9311-89DC7792DB20}.Debug|Any CPU.Build.0 = Debug|Any CPU
		{4C67E2E6-DAFA-48FC-9311-89DC7792DB20}.Release|Any CPU.ActiveCfg = Release|Any CPU
		{4C67E2E6-DAFA-48FC-9311-89DC7792DB20}.Release|Any CPU.Build.0 = Release|Any CPU
		{690F9849-04E1-446E-A8BB-E1F9282AC9F8}.Debug|Any CPU.ActiveCfg = Debug|Any CPU
		{690F9849-04E1-446E-A8BB-E1F9282AC9F8}.Debug|Any CPU.Build.0 = Debug|Any CPU
		{690F9849-04E1-446E-A8BB-E1F9282AC9F8}.Release|Any CPU.ActiveCfg = Release|Any CPU
		{690F9849-04E1-446E-A8BB-E1F9282AC9F8}.Release|Any CPU.Build.0 = Release|Any CPU
		{BBA14D18-1FF6-4F0F-BD6C-00666C0466B6}.Debug|Any CPU.ActiveCfg = Debug|Any CPU
		{BBA14D18-1FF6-4F0F-BD6C-00666C0466B6}.Debug|Any CPU.Build.0 = Debug|Any CPU
		{BBA14D18-1FF6-4F0F-BD6C-00666C0466B6}.Release|Any CPU.ActiveCfg = Release|Any CPU
		{BBA14D18-1FF6-4F0F-BD6C-00666C0466B6}.Release|Any CPU.Build.0 = Release|Any CPU
		{A80773E3-0F2B-4ADA-BFE1-D0E678B4DD9D}.Debug|Any CPU.ActiveCfg = Debug|Any CPU
		{A80773E3-0F2B-4ADA-BFE1-D0E678B4DD9D}.Debug|Any CPU.Build.0 = Debug|Any CPU
		{A80773E3-0F2B-4ADA-BFE1-D0E678B4DD9D}.Release|Any CPU.ActiveCfg = Release|Any CPU
		{A80773E3-0F2B-4ADA-BFE1-D0E678B4DD9D}.Release|Any CPU.Build.0 = Release|Any CPU
		{CC5EF1CB-9C3B-4D07-9654-75439C9108EA}.Debug|Any CPU.ActiveCfg = Debug|Any CPU
		{CC5EF1CB-9C3B-4D07-9654-75439C9108EA}.Debug|Any CPU.Build.0 = Debug|Any CPU
		{CC5EF1CB-9C3B-4D07-9654-75439C9108EA}.Release|Any CPU.ActiveCfg = Release|Any CPU
		{CC5EF1CB-9C3B-4D07-9654-75439C9108EA}.Release|Any CPU.Build.0 = Release|Any CPU
		{86DF8BB1-0481-431F-9408-79BBFFDD0A88}.Debug|Any CPU.ActiveCfg = Debug|Any CPU
		{86DF8BB1-0481-431F-9408-79BBFFDD0A88}.Debug|Any CPU.Build.0 = Debug|Any CPU
		{86DF8BB1-0481-431F-9408-79BBFFDD0A88}.Release|Any CPU.ActiveCfg = Release|Any CPU
		{86DF8BB1-0481-431F-9408-79BBFFDD0A88}.Release|Any CPU.Build.0 = Release|Any CPU
		{C2764C82-E5F0-48D3-81D3-06A6DB282449}.Debug|Any CPU.ActiveCfg = Debug|Any CPU
		{C2764C82-E5F0-48D3-81D3-06A6DB282449}.Debug|Any CPU.Build.0 = Debug|Any CPU
		{C2764C82-E5F0-48D3-81D3-06A6DB282449}.Release|Any CPU.ActiveCfg = Release|Any CPU
		{C2764C82-E5F0-48D3-81D3-06A6DB282449}.Release|Any CPU.Build.0 = Release|Any CPU
		{7121E439-8E00-45EF-88E4-139A8C4AEC4B}.Debug|Any CPU.ActiveCfg = Debug|Any CPU
		{7121E439-8E00-45EF-88E4-139A8C4AEC4B}.Debug|Any CPU.Build.0 = Debug|Any CPU
		{7121E439-8E00-45EF-88E4-139A8C4AEC4B}.Release|Any CPU.ActiveCfg = Release|Any CPU
		{7121E439-8E00-45EF-88E4-139A8C4AEC4B}.Release|Any CPU.Build.0 = Release|Any CPU
	EndGlobalSection
	GlobalSection(SolutionProperties) = preSolution
		HideSolutionNode = FALSE
	EndGlobalSection
	GlobalSection(ExtensibilityGlobals) = postSolution
		SolutionGuid = {5328C6E0-6F8B-46C6-BCE4-16225259867F}
	EndGlobalSection
EndGlobal
